
Microsoft Visual Studio Solution File, Format Version 12.00
# Visual Studio Version 16
VisualStudioVersion = 16.0.30413.136
MinimumVisualStudioVersion = 10.0.40219.1
Project("{FAE04EC0-301F-11D3-BF4B-00C04F79EFBC}") = "Greeter", "Greeter\Greeter.csproj", "{7900DD65-4497-43A0-A144-57645EC812EF}"
EndProject
Global
	GlobalSection(SolutionConfigurationPlatforms) = preSolution
		Debug|Any CPU = Debug|Any CPU
		Release|Any CPU = Release|Any CPU
	EndGlobalSection
	GlobalSection(ProjectConfigurationPlatforms) = postSolution
		{7900DD65-4497-43A0-A144-57645EC812EF}.Debug|Any CPU.ActiveCfg = Debug|Any CPU
		{7900DD65-4497-43A0-A144-57645EC812EF}.Debug|Any CPU.Build.0 = Debug|Any CPU
		{7900DD65-4497-43A0-A144-57645EC812EF}.Release|Any CPU.ActiveCfg = Release|Any CPU
		{7900DD65-4497-43A0-A144-57645EC812EF}.Release|Any CPU.Build.0 = Release|Any CPU
	EndGlobalSection
	GlobalSection(SolutionProperties) = preSolution
		HideSolutionNode = FALSE
	EndGlobalSection
	GlobalSection(ExtensibilityGlobals) = postSolution
		SolutionGuid = {8B8CE727-4634-46D6-8E43-160167FB99C0}
	EndGlobalSection
EndGlobal
